
Microsoft Visual Studio Solution File, Format Version 12.00
# Visual Studio Version 16
VisualStudioVersion = 16.0.30804.86
MinimumVisualStudioVersion = 10.0.40219.1
Project("{FAE04EC0-301F-11D3-BF4B-00C04F79EFBC}") = "VaccinePuppeteer", "VaccinePuppeteer\VaccinePuppeteer.csproj", "{009CE8DB-3F63-493C-8466-B1A2182FBD52}"
EndProject
Global
	GlobalSection(SolutionConfigurationPlatforms) = preSolution
		Debug|Any CPU = Debug|Any CPU
		Release|Any CPU = Release|Any CPU
	EndGlobalSection
	GlobalSection(ProjectConfigurationPlatforms) = postSolution
		{009CE8DB-3F63-493C-8466-B1A2182FBD52}.Debug|Any CPU.ActiveCfg = Debug|Any CPU
		{009CE8DB-3F63-493C-8466-B1A2182FBD52}.Debug|Any CPU.Build.0 = Debug|Any CPU
		{009CE8DB-3F63-493C-8466-B1A2182FBD52}.Release|Any CPU.ActiveCfg = Release|Any CPU
		{009CE8DB-3F63-493C-8466-B1A2182FBD52}.Release|Any CPU.Build.0 = Release|Any CPU
	EndGlobalSection
	GlobalSection(SolutionProperties) = preSolution
		HideSolutionNode = FALSE
	EndGlobalSection
	GlobalSection(ExtensibilityGlobals) = postSolution
		SolutionGuid = {8BA60D32-C2B6-4D4F-A088-97344D907168}
	EndGlobalSection
EndGlobal
